
Microsoft Visual Studio Solution File, Format Version 12.00
# Visual Studio Version 17
VisualStudioVersion = 17.9.34622.214
MinimumVisualStudioVersion = 10.0.40219.1
Project("{FAE04EC0-301F-11D3-BF4B-00C04F79EFBC}") = "Memory2", "Memory2\Memory2.csproj", "{7D88D540-19CF-4B5C-82DD-B16C798AC431}"
EndProject
Global
	GlobalSection(SolutionConfigurationPlatforms) = preSolution
		Debug|Any CPU = Debug|Any CPU
		Release|Any CPU = Release|Any CPU
	EndGlobalSection
	GlobalSection(ProjectConfigurationPlatforms) = postSolution
		{7D88D540-19CF-4B5C-82DD-B16C798AC431}.Debug|Any CPU.ActiveCfg = Debug|Any CPU
		{7D88D540-19CF-4B5C-82DD-B16C798AC431}.Debug|Any CPU.Build.0 = Debug|Any CPU
		{7D88D540-19CF-4B5C-82DD-B16C798AC431}.Release|Any CPU.ActiveCfg = Release|Any CPU
		{7D88D540-19CF-4B5C-82DD-B16C798AC431}.Release|Any CPU.Build.0 = Release|Any CPU
	EndGlobalSection
	GlobalSection(SolutionProperties) = preSolution
		HideSolutionNode = FALSE
	EndGlobalSection
	GlobalSection(ExtensibilityGlobals) = postSolution
		SolutionGuid = {76937B0E-16CB-431F-9737-91475BCA4AE2}
	EndGlobalSection
EndGlobal
